Microsoft Visual Studio Solution File, Format Version 12.00
# Visual Studio Version 17
VisualStudioVersion = 17.5.2.0
MinimumVisualStudioVersion = 10.0.40219.1
Project("{FAE04EC0-301F-11D3-BF4B-00C04F79EFBC}") = "MapLevelFramework", "MapLevelFramework.csproj", "{0DABCA77-36A2-36B5-61D7-8FDFB8120EEC}"
EndProject
Global
	GlobalSection(SolutionConfigurationPlatforms) = preSolution
		Debug|Any CPU = Debug|Any CPU
		Release|Any CPU = Release|Any CPU
	EndGlobalSection
	GlobalSection(ProjectConfigurationPlatforms) = postSolution
		{0DABCA77-36A2-36B5-61D7-8FDFB8120EEC}.Debug|Any CPU.ActiveCfg = Debug|Any CPU
		{0DABCA77-36A2-36B5-61D7-8FDFB8120EEC}.Debug|Any CPU.Build.0 = Debug|Any CPU
		{0DABCA77-36A2-36B5-61D7-8FDFB8120EEC}.Release|Any CPU.ActiveCfg = Release|Any CPU
		{0DABCA77-36A2-36B5-61D7-8FDFB8120EEC}.Release|Any CPU.Build.0 = Release|Any CPU
	EndGlobalSection
	GlobalSection(SolutionProperties) = preSolution
		HideSolutionNode = FALSE
	EndGlobalSection
	GlobalSection(ExtensibilityGlobals) = postSolution
		SolutionGuid = {74A07A3D-7837-4EA9-BB02-2BFE7B07E30D}
	EndGlobalSection
EndGlobal
